
Microsoft Visual Studio Solution File, Format Version 12.00
# Visual Studio 15
VisualStudioVersion = 15.0.28307.779
MinimumVisualStudioVersion = 10.0.40219.1
Project("{8BC9CEB8-8B4A-11D0-8D11-00A0C91BC942}") = "SendMessage", "SendMessage\SendMessage.vcxproj", "{867CB625-D3B6-4402-9E4E-AB2998BF433A}"
EndProject
Global
	GlobalSection(SolutionConfigurationPlatforms) = preSolution
		Debug|x64 = Debug|x64
		Debug|x86 = Debug|x86
		Release|x64 = Release|x64
		Release|x86 = Release|x86
	EndGlobalSection
	GlobalSection(ProjectConfigurationPlatforms) = postSolution
		{867CB625-D3B6-4402-9E4E-AB2998BF433A}.Debug|x64.ActiveCfg = Debug|x64
		{867CB625-D3B6-4402-9E4E-AB2998BF433A}.Debug|x64.Build.0 = Debug|x64
		{867CB625-D3B6-4402-9E4E-AB2998BF433A}.Debug|x86.ActiveCfg = Debug|Win32
		{867CB625-D3B6-4402-9E4E-AB2998BF433A}.Debug|x86.Build.0 = Debug|Win32
		{867CB625-D3B6-4402-9E4E-AB2998BF433A}.Release|x64.ActiveCfg = Release|x64
		{867CB625-D3B6-4402-9E4E-AB2998BF433A}.Release|x64.Build.0 = Release|x64
		{867CB625-D3B6-4402-9E4E-AB2998BF433A}.Release|x86.ActiveCfg = Release|Win32
		{867CB625-D3B6-4402-9E4E-AB2998BF433A}.Release|x86.Build.0 = Release|Win32
	EndGlobalSection
	GlobalSection(SolutionProperties) = preSolution
		HideSolutionNode = FALSE
	EndGlobalSection
	GlobalSection(ExtensibilityGlobals) = postSolution
		SolutionGuid = {8D89AAC6-9BB6-459F-A6EA-66D642F1F32E}
	EndGlobalSection
EndGlobal
